
Microsoft Visual Studio Solution File, Format Version 12.00
# Visual Studio 15
VisualStudioVersion = 15.0.27130.2036
MinimumVisualStudioVersion = 10.0.40219.1
Project("{F2A71F9B-5D33-465A-A702-920D77279786}") = "MondrianArt", "MondrianArt\MondrianArt.fsproj", "{5CDF72BC-44E1-4328-8BF7-AEEA562F4797}"
EndProject
Global
	GlobalSection(SolutionConfigurationPlatforms) = preSolution
		Debug|Any CPU = Debug|Any CPU
		Release|Any CPU = Release|Any CPU
	EndGlobalSection
	GlobalSection(ProjectConfigurationPlatforms) = postSolution
		{5CDF72BC-44E1-4328-8BF7-AEEA562F4797}.Debug|Any CPU.ActiveCfg = Debug|Any CPU
		{5CDF72BC-44E1-4328-8BF7-AEEA562F4797}.Debug|Any CPU.Build.0 = Debug|Any CPU
		{5CDF72BC-44E1-4328-8BF7-AEEA562F4797}.Release|Any CPU.ActiveCfg = Release|Any CPU
		{5CDF72BC-44E1-4328-8BF7-AEEA562F4797}.Release|Any CPU.Build.0 = Release|Any CPU
	EndGlobalSection
	GlobalSection(SolutionProperties) = preSolution
		HideSolutionNode = FALSE
	EndGlobalSection
	GlobalSection(ExtensibilityGlobals) = postSolution
		SolutionGuid = {05E0F2EC-FECE-480F-B2E2-F003EE946BD1}
	EndGlobalSection
EndGlobal
